
Microsoft Visual Studio Solution File, Format Version 12.00
# Visual Studio 15
Project("{FAE04EC0-301F-11D3-BF4B-00C04F79EFBC}") = "Assembly-CSharp", "Assembly-CSharp.csproj", "{925517F3-D7B9-5CA7-3965-1D5C0029D217}"
EndProject
Project("{FAE04EC0-301F-11D3-BF4B-00C04F79EFBC}") = "Assembly-CSharp-Editor-firstpass", "Assembly-CSharp-Editor-firstpass.csproj", "{C3552FD2-1BE1-CD4B-A442-E7FB1CC9EF0F}"
EndProject
Global
	GlobalSection(SolutionConfigurationPlatforms) = preSolution
		Debug|Any CPU = Debug|Any CPU
		Release|Any CPU = Release|Any CPU
	EndGlobalSection
	GlobalSection(ProjectConfigurationPlatforms) = postSolution
		{925517F3-D7B9-5CA7-3965-1D5C0029D217}.Debug|Any CPU.ActiveCfg = Debug|Any CPU
		{925517F3-D7B9-5CA7-3965-1D5C0029D217}.Debug|Any CPU.Build.0 = Debug|Any CPU
		{925517F3-D7B9-5CA7-3965-1D5C0029D217}.Release|Any CPU.ActiveCfg = Release|Any CPU
		{925517F3-D7B9-5CA7-3965-1D5C0029D217}.Release|Any CPU.Build.0 = Release|Any CPU
		{C3552FD2-1BE1-CD4B-A442-E7FB1CC9EF0F}.Debug|Any CPU.ActiveCfg = Debug|Any CPU
		{C3552FD2-1BE1-CD4B-A442-E7FB1CC9EF0F}.Debug|Any CPU.Build.0 = Debug|Any CPU
		{C3552FD2-1BE1-CD4B-A442-E7FB1CC9EF0F}.Release|Any CPU.ActiveCfg = Release|Any CPU
		{C3552FD2-1BE1-CD4B-A442-E7FB1CC9EF0F}.Release|Any CPU.Build.0 = Release|Any CPU
	EndGlobalSection
	GlobalSection(SolutionProperties) = preSolution
		HideSolutionNode = FALSE
	EndGlobalSection
EndGlobal
